hash: 62cc13b4ef529cc2ac02f00b7df86d08cfd300be925adf0da403438d51736205
updated: 2017-10-30T12:44:38.919133589+01:00
imports:
- name: github.com/namsral/flag
  version: 7fa59bdb55485001d702d9b6e15367cdf26bfde8
- name: github.com/Sirupsen/logrus
  version: ba1b36c82c5e05c4f912a88eab0dcd91a171688f
- name: golang.org/x/net
  version: da2b4fa28524a3baf148c1b94df4440267063c88
  subpackages:
  - proxy
- name: golang.org/x/sys
  version: d75a52659825e75fff6158388dddc6a5b04f9ba5
  subpackages:
  - unix
testImports: []
