hash: e6f713289c84c102b56592e784f4b141f230544fc2981a54397842edb7d7fc89
updated: 2016-11-27T15:00:56.11063438Z
imports:
- name: github.com/namsral/flag
  version: 71ceffbeb0ba60fccc853971bb3ed4d7d90bfd04
- name: github.com/Sirupsen/logrus
  version: d26492970760ca5d33129d2d799e34be5c4782eb
- name: golang.org/x/net
  version: 4971afdc2f162e82d185353533d3cf16188a9f4e
  subpackages:
  - proxy
- name: golang.org/x/sys
  version: 30237cf4eefd639b184d1f2cb77a581ea0be8947
  subpackages:
  - unix
testImports: []
